
Microsoft Visual Studio Solution File, Format Version 12.00
# Visual Studio Version 17
VisualStudioVersion = 17.13.35931.197 d17.13
MinimumVisualStudioVersion = 10.0.40219.1
Project("{FAE04EC0-301F-11D3-BF4B-00C04F79EFBC}") = "CSharp-List-Algorithms", "CSharp-List-Algorithms\CSharp-List-Algorithms.csproj", "{531DB2F7-D77F-4564-B5C6-A78C6CD97C4A}"
EndProject
Global
	GlobalSection(SolutionConfigurationPlatforms) = preSolution
		Debug|Any CPU = Debug|Any CPU
		Release|Any CPU = Release|Any CPU
	EndGlobalSection
	GlobalSection(ProjectConfigurationPlatforms) = postSolution
		{531DB2F7-D77F-4564-B5C6-A78C6CD97C4A}.Debug|Any CPU.ActiveCfg = Debug|Any CPU
		{531DB2F7-D77F-4564-B5C6-A78C6CD97C4A}.Debug|Any CPU.Build.0 = Debug|Any CPU
		{531DB2F7-D77F-4564-B5C6-A78C6CD97C4A}.Release|Any CPU.ActiveCfg = Release|Any CPU
		{531DB2F7-D77F-4564-B5C6-A78C6CD97C4A}.Release|Any CPU.Build.0 = Release|Any CPU
	EndGlobalSection
	GlobalSection(SolutionProperties) = preSolution
		HideSolutionNode = FALSE
	EndGlobalSection
	GlobalSection(ExtensibilityGlobals) = postSolution
		SolutionGuid = {C9B39E0A-73C1-4252-91EF-CCC1D951DA96}
	EndGlobalSection
EndGlobal
